
Microsoft Visual Studio Solution File, Format Version 12.00
# Visual Studio Version 17
VisualStudioVersion = 17.14.36429.23 d17.14
MinimumVisualStudioVersion = 10.0.40219.1
Project("{FAE04EC0-301F-11D3-BF4B-00C04F79EFBC}") = "whois", "whois\whois.csproj", "{476F3A5C-4F73-4C01-9F7B-CA0F3E8C7479}"
EndProject
Global
	GlobalSection(SolutionConfigurationPlatforms) = preSolution
		Debug|Any CPU = Debug|Any CPU
		Release|Any CPU = Release|Any CPU
	EndGlobalSection
	GlobalSection(ProjectConfigurationPlatforms) = postSolution
		{476F3A5C-4F73-4C01-9F7B-CA0F3E8C7479}.Debug|Any CPU.ActiveCfg = Debug|Any CPU
		{476F3A5C-4F73-4C01-9F7B-CA0F3E8C7479}.Debug|Any CPU.Build.0 = Debug|Any CPU
		{476F3A5C-4F73-4C01-9F7B-CA0F3E8C7479}.Release|Any CPU.ActiveCfg = Release|Any CPU
		{476F3A5C-4F73-4C01-9F7B-CA0F3E8C7479}.Release|Any CPU.Build.0 = Release|Any CPU
	EndGlobalSection
	GlobalSection(SolutionProperties) = preSolution
		HideSolutionNode = FALSE
	EndGlobalSection
	GlobalSection(ExtensibilityGlobals) = postSolution
		SolutionGuid = {50B25263-1317-4F96-8DE8-5DF9404469ED}
	EndGlobalSection
EndGlobal
